
Microsoft Visual Studio Solution File, Format Version 12.00
# Visual Studio Version 17
VisualStudioVersion = 17.5.002.0
MinimumVisualStudioVersion = 10.0.40219.1
Project("{9A19103F-16F7-4668-BE54-9A1E7A4F7556}") = "jgsteeler", "jgsteeler.csproj", "{F4C86E96-B07A-41E9-A4BE-33D45492F4C5}"
EndProject
Global
	GlobalSection(SolutionConfigurationPlatforms) = preSolution
		Debug|Any CPU = Debug|Any CPU
		Release|Any CPU = Release|Any CPU
	EndGlobalSection
	GlobalSection(ProjectConfigurationPlatforms) = postSolution
		{F4C86E96-B07A-41E9-A4BE-33D45492F4C5}.Debug|Any CPU.ActiveCfg = Debug|Any CPU
		{F4C86E96-B07A-41E9-A4BE-33D45492F4C5}.Debug|Any CPU.Build.0 = Debug|Any CPU
		{F4C86E96-B07A-41E9-A4BE-33D45492F4C5}.Release|Any CPU.ActiveCfg = Release|Any CPU
		{F4C86E96-B07A-41E9-A4BE-33D45492F4C5}.Release|Any CPU.Build.0 = Release|Any CPU
	EndGlobalSection
	GlobalSection(SolutionProperties) = preSolution
		HideSolutionNode = FALSE
	EndGlobalSection
	GlobalSection(ExtensibilityGlobals) = postSolution
		SolutionGuid = {D98DD1F5-0169-4BEB-967C-760EC6FC8075}
	EndGlobalSection
EndGlobal
